
Microsoft Visual Studio Solution File, Format Version 12.00
# Visual Studio 15
VisualStudioVersion = 15.0.27130.2036
MinimumVisualStudioVersion = 10.0.40219.1
Project("{8BC9CEB8-8B4A-11D0-8D11-00A0C91BC942}") = "ProgramacionDinamica_VarillasOptimizado", "ProgramacionDinamica_VarillasOptimizado.vcxproj", "{C5204607-983D-4B26-9E2D-AEAB45322B71}"
EndProject
Global
	GlobalSection(SolutionConfigurationPlatforms) = preSolution
		Debug|x64 = Debug|x64
		Debug|x86 = Debug|x86
		Release|x64 = Release|x64
		Release|x86 = Release|x86
	EndGlobalSection
	GlobalSection(ProjectConfigurationPlatforms) = postSolution
		{C5204607-983D-4B26-9E2D-AEAB45322B71}.Debug|x64.ActiveCfg = Debug|x64
		{C5204607-983D-4B26-9E2D-AEAB45322B71}.Debug|x64.Build.0 = Debug|x64
		{C5204607-983D-4B26-9E2D-AEAB45322B71}.Debug|x86.ActiveCfg = Debug|Win32
		{C5204607-983D-4B26-9E2D-AEAB45322B71}.Debug|x86.Build.0 = Debug|Win32
		{C5204607-983D-4B26-9E2D-AEAB45322B71}.Release|x64.ActiveCfg = Release|x64
		{C5204607-983D-4B26-9E2D-AEAB45322B71}.Release|x64.Build.0 = Release|x64
		{C5204607-983D-4B26-9E2D-AEAB45322B71}.Release|x86.ActiveCfg = Release|Win32
		{C5204607-983D-4B26-9E2D-AEAB45322B71}.Release|x86.Build.0 = Release|Win32
	EndGlobalSection
	GlobalSection(SolutionProperties) = preSolution
		HideSolutionNode = FALSE
	EndGlobalSection
	GlobalSection(ExtensibilityGlobals) = postSolution
		SolutionGuid = {91845A71-CAC0-405B-92FF-8E05606F5D74}
	EndGlobalSection
EndGlobal
