
Microsoft Visual Studio Solution File, Format Version 12.00
# Visual Studio 15
VisualStudioVersion = 15.0.27130.2036
MinimumVisualStudioVersion = 10.0.40219.1
Project("{8BC9CEB8-8B4A-11D0-8D11-00A0C91BC942}") = "AlgoritmosVoraces_SemanaDeLaInformatica", "AlgoritmosVoraces_SemanaDeLaInformatica.vcxproj", "{B22DC166-9235-4838-953E-F5B7305919D1}"
EndProject
Global
	GlobalSection(SolutionConfigurationPlatforms) = preSolution
		Debug|x64 = Debug|x64
		Debug|x86 = Debug|x86
		Release|x64 = Release|x64
		Release|x86 = Release|x86
	EndGlobalSection
	GlobalSection(ProjectConfigurationPlatforms) = postSolution
		{B22DC166-9235-4838-953E-F5B7305919D1}.Debug|x64.ActiveCfg = Debug|x64
		{B22DC166-9235-4838-953E-F5B7305919D1}.Debug|x64.Build.0 = Debug|x64
		{B22DC166-9235-4838-953E-F5B7305919D1}.Debug|x86.ActiveCfg = Debug|Win32
		{B22DC166-9235-4838-953E-F5B7305919D1}.Debug|x86.Build.0 = Debug|Win32
		{B22DC166-9235-4838-953E-F5B7305919D1}.Release|x64.ActiveCfg = Release|x64
		{B22DC166-9235-4838-953E-F5B7305919D1}.Release|x64.Build.0 = Release|x64
		{B22DC166-9235-4838-953E-F5B7305919D1}.Release|x86.ActiveCfg = Release|Win32
		{B22DC166-9235-4838-953E-F5B7305919D1}.Release|x86.Build.0 = Release|Win32
	EndGlobalSection
	GlobalSection(SolutionProperties) = preSolution
		HideSolutionNode = FALSE
	EndGlobalSection
	GlobalSection(ExtensibilityGlobals) = postSolution
		SolutionGuid = {88415414-DC36-4DF9-A173-999526051A7C}
	EndGlobalSection
EndGlobal
