
Microsoft Visual Studio Solution File, Format Version 12.00
# Visual Studio 15
VisualStudioVersion = 15.0.27130.2036
MinimumVisualStudioVersion = 10.0.40219.1
Project("{8BC9CEB8-8B4A-11D0-8D11-00A0C91BC942}") = "ProgramacionDinamica_SubsecuenciaComunMasLarga", "ProgramacionDinamica_SubsecuenciaComunMasLarga.vcxproj", "{26C075C0-5278-400D-BB28-0D0313AB8FBB}"
EndProject
Global
	GlobalSection(SolutionConfigurationPlatforms) = preSolution
		Debug|x64 = Debug|x64
		Debug|x86 = Debug|x86
		Release|x64 = Release|x64
		Release|x86 = Release|x86
	EndGlobalSection
	GlobalSection(ProjectConfigurationPlatforms) = postSolution
		{26C075C0-5278-400D-BB28-0D0313AB8FBB}.Debug|x64.ActiveCfg = Debug|x64
		{26C075C0-5278-400D-BB28-0D0313AB8FBB}.Debug|x64.Build.0 = Debug|x64
		{26C075C0-5278-400D-BB28-0D0313AB8FBB}.Debug|x86.ActiveCfg = Debug|Win32
		{26C075C0-5278-400D-BB28-0D0313AB8FBB}.Debug|x86.Build.0 = Debug|Win32
		{26C075C0-5278-400D-BB28-0D0313AB8FBB}.Release|x64.ActiveCfg = Release|x64
		{26C075C0-5278-400D-BB28-0D0313AB8FBB}.Release|x64.Build.0 = Release|x64
		{26C075C0-5278-400D-BB28-0D0313AB8FBB}.Release|x86.ActiveCfg = Release|Win32
		{26C075C0-5278-400D-BB28-0D0313AB8FBB}.Release|x86.Build.0 = Release|Win32
	EndGlobalSection
	GlobalSection(SolutionProperties) = preSolution
		HideSolutionNode = FALSE
	EndGlobalSection
	GlobalSection(ExtensibilityGlobals) = postSolution
		SolutionGuid = {47163DBD-9DC8-44D9-9F28-4D64EA5D780F}
	EndGlobalSection
EndGlobal
